
Microsoft Visual Studio Solution File, Format Version 12.00
# Visual Studio Version 16
VisualStudioVersion = 16.0.30717.126
MinimumVisualStudioVersion = 10.0.40219.1
Project("{FAE04EC0-301F-11D3-BF4B-00C04F79EFBC}") = "Day 2", "Day2\Day 2.csproj", "{07532DAC-0C7F-43F5-94B0-4327C1C9ADFA}"
EndProject
Project("{FAE04EC0-301F-11D3-BF4B-00C04F79EFBC}") = "Day 3", "Day 3\Day 3.csproj", "{5ADD41BB-B5E2-49E9-8C17-3AA9837D564D}"
EndProject
Project("{FAE04EC0-301F-11D3-BF4B-00C04F79EFBC}") = "Day 4", "Day 4\Day 4.csproj", "{C93E38AF-C01F-43E8-86C8-AB4FBF728F4D}"
EndProject
Project("{FAE04EC0-301F-11D3-BF4B-00C04F79EFBC}") = "Day 7", "Day 7\Day 7.csproj", "{62A869C3-99B1-46D9-B9C3-0B03536EC5F9}"
EndProject
Project("{FAE04EC0-301F-11D3-BF4B-00C04F79EFBC}") = "Day 5", "Day 5\Day 5.csproj", "{F0EBB9BF-A0CA-47F4-A4F5-3CB92608A23E}"
EndProject
Project("{FAE04EC0-301F-11D3-BF4B-00C04F79EFBC}") = "Day 6", "Day 6\Day 6.csproj", "{F417DC6D-1252-4462-B826-813C4DEBB7C9}"
EndProject
Project("{FAE04EC0-301F-11D3-BF4B-00C04F79EFBC}") = "Day 8", "Day 8\Day 8.csproj", "{E9F0923C-D9FD-4304-BB80-6533861C8890}"
EndProject
Project("{FAE04EC0-301F-11D3-BF4B-00C04F79EFBC}") = "Day 1", "Day 1\Day 1.csproj", "{C7685268-11C3-4EE9-83D9-5444C1B37211}"
EndProject
Project("{FAE04EC0-301F-11D3-BF4B-00C04F79EFBC}") = "Day 9", "Day 9\Day 9.csproj", "{541C06AD-0EF2-400D-8014-5C4E62E10313}"
EndProject
Project("{FAE04EC0-301F-11D3-BF4B-00C04F79EFBC}") = "Day 10", "Day 10\Day 10.csproj", "{064C60FD-7880-40BD-9617-96EF5C1DDC29}"
EndProject
Project("{FAE04EC0-301F-11D3-BF4B-00C04F79EFBC}") = "Day 11", "Day 11\Day 11.csproj", "{D8E025D5-501E-4271-A247-62B75B63211C}"
EndProject
Project("{FAE04EC0-301F-11D3-BF4B-00C04F79EFBC}") = "Day 12", "Day 12\Day 12.csproj", "{AB2C3D9E-C00B-4296-BD2D-5D828183706D}"
EndProject
Project("{FAE04EC0-301F-11D3-BF4B-00C04F79EFBC}") = "Day 13", "Day 13\Day 13.csproj", "{81FB0E96-7B23-4D43-96D5-CD1B018DB43F}"
EndProject
Project("{FAE04EC0-301F-11D3-BF4B-00C04F79EFBC}") = "Day 14", "Day 14\Day 14.csproj", "{BBAD62E5-EE36-4F4C-949F-87C729639F48}"
EndProject
Project("{FAE04EC0-301F-11D3-BF4B-00C04F79EFBC}") = "Day 15", "Day 15\Day 15.csproj", "{AD3FF2DB-2AB5-4D16-AC72-876B8AB6972D}"
EndProject
Project("{FAE04EC0-301F-11D3-BF4B-00C04F79EFBC}") = "Day 16", "Day 16\Day 16.csproj", "{00816F4D-EF6E-43C3-B29B-1BD090E33D76}"
EndProject
Project("{FAE04EC0-301F-11D3-BF4B-00C04F79EFBC}") = "Day 17", "Day 17\Day 17.csproj", "{5C1CA9F1-AEDE-4540-BA92-3A4F566EDED8}"
EndProject
Project("{FAE04EC0-301F-11D3-BF4B-00C04F79EFBC}") = "Day 18", "Day 18\Day 18.csproj", "{DAD2E63B-71EE-4E09-9AF4-E0C09F35A41C}"
EndProject
Project("{FAE04EC0-301F-11D3-BF4B-00C04F79EFBC}") = "Day 20", "Day 20\Day 20.csproj", "{16A37D2B-1A07-4C49-BE73-FB0EB23D3C81}"
EndProject
Global
	GlobalSection(SolutionConfigurationPlatforms) = preSolution
		Debug|Any CPU = Debug|Any CPU
		Release|Any CPU = Release|Any CPU
	EndGlobalSection
	GlobalSection(ProjectConfigurationPlatforms) = postSolution
		{07532DAC-0C7F-43F5-94B0-4327C1C9ADFA}.Debug|Any CPU.ActiveCfg = Debug|Any CPU
		{07532DAC-0C7F-43F5-94B0-4327C1C9ADFA}.Debug|Any CPU.Build.0 = Debug|Any CPU
		{07532DAC-0C7F-43F5-94B0-4327C1C9ADFA}.Release|Any CPU.ActiveCfg = Release|Any CPU
		{07532DAC-0C7F-43F5-94B0-4327C1C9ADFA}.Release|Any CPU.Build.0 = Release|Any CPU
		{5ADD41BB-B5E2-49E9-8C17-3AA9837D564D}.Debug|Any CPU.ActiveCfg = Debug|Any CPU
		{5ADD41BB-B5E2-49E9-8C17-3AA9837D564D}.Debug|Any CPU.Build.0 = Debug|Any CPU
		{5ADD41BB-B5E2-49E9-8C17-3AA9837D564D}.Release|Any CPU.ActiveCfg = Release|Any CPU
		{5ADD41BB-B5E2-49E9-8C17-3AA9837D564D}.Release|Any CPU.Build.0 = Release|Any CPU
		{C93E38AF-C01F-43E8-86C8-AB4FBF728F4D}.Debug|Any CPU.ActiveCfg = Debug|Any CPU
		{C93E38AF-C01F-43E8-86C8-AB4FBF728F4D}.Debug|Any CPU.Build.0 = Debug|Any CPU
		{C93E38AF-C01F-43E8-86C8-AB4FBF728F4D}.Release|Any CPU.ActiveCfg = Release|Any CPU
		{C93E38AF-C01F-43E8-86C8-AB4FBF728F4D}.Release|Any CPU.Build.0 = Release|Any CPU
		{62A869C3-99B1-46D9-B9C3-0B03536EC5F9}.Debug|Any CPU.ActiveCfg = Debug|Any CPU
		{62A869C3-99B1-46D9-B9C3-0B03536EC5F9}.Debug|Any CPU.Build.0 = Debug|Any CPU
		{62A869C3-99B1-46D9-B9C3-0B03536EC5F9}.Release|Any CPU.ActiveCfg = Release|Any CPU
		{62A869C3-99B1-46D9-B9C3-0B03536EC5F9}.Release|Any CPU.Build.0 = Release|Any CPU
		{F0EBB9BF-A0CA-47F4-A4F5-3CB92608A23E}.Debug|Any CPU.ActiveCfg = Debug|Any CPU
		{F0EBB9BF-A0CA-47F4-A4F5-3CB92608A23E}.Debug|Any CPU.Build.0 = Debug|Any CPU
		{F0EBB9BF-A0CA-47F4-A4F5-3CB92608A23E}.Release|Any CPU.ActiveCfg = Release|Any CPU
		{F0EBB9BF-A0CA-47F4-A4F5-3CB92608A23E}.Release|Any CPU.Build.0 = Release|Any CPU
		{F417DC6D-1252-4462-B826-813C4DEBB7C9}.Debug|Any CPU.ActiveCfg = Debug|Any CPU
		{F417DC6D-1252-4462-B826-813C4DEBB7C9}.Debug|Any CPU.Build.0 = Debug|Any CPU
		{F417DC6D-1252-4462-B826-813C4DEBB7C9}.Release|Any CPU.ActiveCfg = Release|Any CPU
		{F417DC6D-1252-4462-B826-813C4DEBB7C9}.Release|Any CPU.Build.0 = Release|Any CPU
		{E9F0923C-D9FD-4304-BB80-6533861C8890}.Debug|Any CPU.ActiveCfg = Debug|Any CPU
		{E9F0923C-D9FD-4304-BB80-6533861C8890}.Debug|Any CPU.Build.0 = Debug|Any CPU
		{E9F0923C-D9FD-4304-BB80-6533861C8890}.Release|Any CPU.ActiveCfg = Release|Any CPU
		{E9F0923C-D9FD-4304-BB80-6533861C8890}.Release|Any CPU.Build.0 = Release|Any CPU
		{C7685268-11C3-4EE9-83D9-5444C1B37211}.Debug|Any CPU.ActiveCfg = Debug|Any CPU
		{C7685268-11C3-4EE9-83D9-5444C1B37211}.Debug|Any CPU.Build.0 = Debug|Any CPU
		{C7685268-11C3-4EE9-83D9-5444C1B37211}.Release|Any CPU.ActiveCfg = Release|Any CPU
		{C7685268-11C3-4EE9-83D9-5444C1B37211}.Release|Any CPU.Build.0 = Release|Any CPU
		{541C06AD-0EF2-400D-8014-5C4E62E10313}.Debug|Any CPU.ActiveCfg = Debug|Any CPU
		{541C06AD-0EF2-400D-8014-5C4E62E10313}.Debug|Any CPU.Build.0 = Debug|Any CPU
		{541C06AD-0EF2-400D-8014-5C4E62E10313}.Release|Any CPU.ActiveCfg = Release|Any CPU
		{541C06AD-0EF2-400D-8014-5C4E62E10313}.Release|Any CPU.Build.0 = Release|Any CPU
		{064C60FD-7880-40BD-9617-96EF5C1DDC29}.Debug|Any CPU.ActiveCfg = Debug|Any CPU
		{064C60FD-7880-40BD-9617-96EF5C1DDC29}.Debug|Any CPU.Build.0 = Debug|Any CPU
		{064C60FD-7880-40BD-9617-96EF5C1DDC29}.Release|Any CPU.ActiveCfg = Release|Any CPU
		{064C60FD-7880-40BD-9617-96EF5C1DDC29}.Release|Any CPU.Build.0 = Release|Any CPU
		{D8E025D5-501E-4271-A247-62B75B63211C}.Debug|Any CPU.ActiveCfg = Debug|Any CPU
		{D8E025D5-501E-4271-A247-62B75B63211C}.Debug|Any CPU.Build.0 = Debug|Any CPU
		{D8E025D5-501E-4271-A247-62B75B63211C}.Release|Any CPU.ActiveCfg = Release|Any CPU
		{D8E025D5-501E-4271-A247-62B75B63211C}.Release|Any CPU.Build.0 = Release|Any CPU
		{AB2C3D9E-C00B-4296-BD2D-5D828183706D}.Debug|Any CPU.ActiveCfg = Debug|Any CPU
		{AB2C3D9E-C00B-4296-BD2D-5D828183706D}.Debug|Any CPU.Build.0 = Debug|Any CPU
		{AB2C3D9E-C00B-4296-BD2D-5D828183706D}.Release|Any CPU.ActiveCfg = Release|Any CPU
		{AB2C3D9E-C00B-4296-BD2D-5D828183706D}.Release|Any CPU.Build.0 = Release|Any CPU
		{81FB0E96-7B23-4D43-96D5-CD1B018DB43F}.Debug|Any CPU.ActiveCfg = Debug|Any CPU
		{81FB0E96-7B23-4D43-96D5-CD1B018DB43F}.Debug|Any CPU.Build.0 = Debug|Any CPU
		{81FB0E96-7B23-4D43-96D5-CD1B018DB43F}.Release|Any CPU.ActiveCfg = Release|Any CPU
		{81FB0E96-7B23-4D43-96D5-CD1B018DB43F}.Release|Any CPU.Build.0 = Release|Any CPU
		{BBAD62E5-EE36-4F4C-949F-87C729639F48}.Debug|Any CPU.ActiveCfg = Debug|Any CPU
		{BBAD62E5-EE36-4F4C-949F-87C729639F48}.Debug|Any CPU.Build.0 = Debug|Any CPU
		{BBAD62E5-EE36-4F4C-949F-87C729639F48}.Release|Any CPU.ActiveCfg = Release|Any CPU
		{BBAD62E5-EE36-4F4C-949F-87C729639F48}.Release|Any CPU.Build.0 = Release|Any CPU
		{AD3FF2DB-2AB5-4D16-AC72-876B8AB6972D}.Debug|Any CPU.ActiveCfg = Debug|Any CPU
		{AD3FF2DB-2AB5-4D16-AC72-876B8AB6972D}.Debug|Any CPU.Build.0 = Debug|Any CPU
		{AD3FF2DB-2AB5-4D16-AC72-876B8AB6972D}.Release|Any CPU.ActiveCfg = Release|Any CPU
		{AD3FF2DB-2AB5-4D16-AC72-876B8AB6972D}.Release|Any CPU.Build.0 = Release|Any CPU
		{00816F4D-EF6E-43C3-B29B-1BD090E33D76}.Debug|Any CPU.ActiveCfg = Debug|Any CPU
		{00816F4D-EF6E-43C3-B29B-1BD090E33D76}.Debug|Any CPU.Build.0 = Debug|Any CPU
		{00816F4D-EF6E-43C3-B29B-1BD090E33D76}.Release|Any CPU.ActiveCfg = Release|Any CPU
		{00816F4D-EF6E-43C3-B29B-1BD090E33D76}.Release|Any CPU.Build.0 = Release|Any CPU
		{5C1CA9F1-AEDE-4540-BA92-3A4F566EDED8}.Debug|Any CPU.ActiveCfg = Debug|Any CPU
		{5C1CA9F1-AEDE-4540-BA92-3A4F566EDED8}.Debug|Any CPU.Build.0 = Debug|Any CPU
		{5C1CA9F1-AEDE-4540-BA92-3A4F566EDED8}.Release|Any CPU.ActiveCfg = Release|Any CPU
		{5C1CA9F1-AEDE-4540-BA92-3A4F566EDED8}.Release|Any CPU.Build.0 = Release|Any CPU
		{DAD2E63B-71EE-4E09-9AF4-E0C09F35A41C}.Debug|Any CPU.ActiveCfg = Debug|Any CPU
		{DAD2E63B-71EE-4E09-9AF4-E0C09F35A41C}.Debug|Any CPU.Build.0 = Debug|Any CPU
		{DAD2E63B-71EE-4E09-9AF4-E0C09F35A41C}.Release|Any CPU.ActiveCfg = Release|Any CPU
		{DAD2E63B-71EE-4E09-9AF4-E0C09F35A41C}.Release|Any CPU.Build.0 = Release|Any CPU
		{16A37D2B-1A07-4C49-BE73-FB0EB23D3C81}.Debug|Any CPU.ActiveCfg = Debug|Any CPU
		{16A37D2B-1A07-4C49-BE73-FB0EB23D3C81}.Debug|Any CPU.Build.0 = Debug|Any CPU
		{16A37D2B-1A07-4C49-BE73-FB0EB23D3C81}.Release|Any CPU.ActiveCfg = Release|Any CPU
		{16A37D2B-1A07-4C49-BE73-FB0EB23D3C81}.Release|Any CPU.Build.0 = Release|Any CPU
	EndGlobalSection
	GlobalSection(SolutionProperties) = preSolution
		HideSolutionNode = FALSE
	EndGlobalSection
	GlobalSection(ExtensibilityGlobals) = postSolution
		SolutionGuid = {0B2F58E8-74FA-4C5C-9AFB-E13F216DBB05}
	EndGlobalSection
EndGlobal
